
Microsoft Visual Studio Solution File, Format Version 12.00
# Visual Studio Version 17
VisualStudioVersion = 17.8.34004.107
MinimumVisualStudioVersion = 10.0.40219.1
Project("{FAE04EC0-301F-11D3-BF4B-00C04F79EFBC}") = "Jogo_Velha_Ultimate", "Jogo_Velha_Ultimate\Jogo_Velha_Ultimate.csproj", "{C0BDFA3B-AAA4-4A4C-B1D9-F96B2349F87E}"
EndProject
Global
	GlobalSection(SolutionConfigurationPlatforms) = preSolution
		Debug|Any CPU = Debug|Any CPU
		Release|Any CPU = Release|Any CPU
	EndGlobalSection
	GlobalSection(ProjectConfigurationPlatforms) = postSolution
		{C0BDFA3B-AAA4-4A4C-B1D9-F96B2349F87E}.Debug|Any CPU.ActiveCfg = Debug|Any CPU
		{C0BDFA3B-AAA4-4A4C-B1D9-F96B2349F87E}.Debug|Any CPU.Build.0 = Debug|Any CPU
		{C0BDFA3B-AAA4-4A4C-B1D9-F96B2349F87E}.Release|Any CPU.ActiveCfg = Release|Any CPU
		{C0BDFA3B-AAA4-4A4C-B1D9-F96B2349F87E}.Release|Any CPU.Build.0 = Release|Any CPU
	EndGlobalSection
	GlobalSection(SolutionProperties) = preSolution
		HideSolutionNode = FALSE
	EndGlobalSection
	GlobalSection(ExtensibilityGlobals) = postSolution
		SolutionGuid = {25137C17-7998-4A6F-AB70-9C100FC23B7A}
	EndGlobalSection
EndGlobal
